{
  "name": "minimojs-htmlparser",
  "version": "0.0.1",
  "lockfileVersion": 1,
  "requires": true,
  "dependencies": {
    "esprima": {
      "version": "4.0.1",
      "resolved": "https://registry.npmjs.org/esprima/-/esprima-4.0.1.tgz",
      "integrity": "sha512-eGuFFw7Upda+g4p+QHvnW0RyTX/SVeJBDM/gCtMARO0cLuT2HcEKnTPvhjV6aGeqrCB/sbNop0Kszm0jsaWU4A=="
    },
    "minimojs-options": {
      "version": "1.0.2",
      "resolved": "https://registry.npmjs.org/minimojs-options/-/minimojs-options-1.0.2.tgz",
      "integrity": "sha512-5Pm0CveB3j/L5JENMLd3eTRadkLs2/6dpXMclX6D4s4ufz4BrE2KXm1X/rLHndTGWX5op4iZVEqHnJubeetmCQ=="
    },
    "underscore": {
      "version": "1.9.1",
      "resolved": "https://registry.npmjs.org/underscore/-/underscore-1.9.1.tgz",
      "integrity": "sha512-5/4etnCkd9c8gwgowi5/om/mYO5ajCaOgdzj/oW+0eQV9WxKBDZw5+ycmKmeaTXjInS/W0BzpGLo2xR2aBwZdg=="
    }
  }
}
